// !$*UTF8*$!
{
	archiveVersion = 1;
	classes = {
	};
	objectVersion = 56;
	objects = {

/* Begin PBXBuildFile section */
		320205B22C23A45800725DC5 /* AppDelegate.swift in Sources */ = {isa = PBXBuildFile; fileRef = 320205B12C23A45800725DC5 /* AppDelegate.swift */; };
		320205B42C23A45800725DC5 /* SceneDelegate.swift in Sources */ = {isa = PBXBuildFile; fileRef = 320205B32C23A45800725DC5 /* SceneDelegate.swift */; };
		320205B62C23A45800725DC5 /* HomeViewController.swift in Sources */ = {isa = PBXBuildFile; fileRef = 320205B52C23A45800725DC5 /* HomeViewController.swift */; };
		320205BC2C23A45800725DC5 /* Topaz.xcdatamodeld in Sources */ = {isa = PBXBuildFile; fileRef = 320205BA2C23A45800725DC5 /* Topaz.xcdatamodeld */; };
		320205BE2C23A45A00725DC5 /* Assets.xcassets in Resources */ = {isa = PBXBuildFile; fileRef = 320205BD2C23A45A00725DC5 /* Assets.xcassets */; };
		320205C12C23A45A00725DC5 /* LaunchScreen.storyboard in Resources */ = {isa = PBXBuildFile; fileRef = 320205BF2C23A45A00725DC5 /* LaunchScreen.storyboard */; };
		320205CF2C23AC8400725DC5 /* SettingsViewController.swift in Sources */ = {isa = PBXBuildFile; fileRef = 320205CE2C23AC8400725DC5 /* SettingsViewController.swift */; };
		320205D12C23AC9900725DC5 /* StoresViewController.swift in Sources */ = {isa = PBXBuildFile; fileRef = 320205D02C23AC9900725DC5 /* StoresViewController.swift */; };
		320205D32C23ACFB00725DC5 /* GiveawayViewController.swift in Sources */ = {isa = PBXBuildFile; fileRef = 320205D22C23ACFB00725DC5 /* GiveawayViewController.swift */; };
		320205D52C23AD0A00725DC5 /* WishlistViewController.swift in Sources */ = {isa = PBXBuildFile; fileRef = 320205D42C23AD0A00725DC5 /* WishlistViewController.swift */; };
		320205E72C23BD9A00725DC5 /* Shop.swift in Sources */ = {isa = PBXBuildFile; fileRef = 320205E62C23BD9A00725DC5 /* Shop.swift */; };
		320205E92C23BDFC00725DC5 /* TestData.swift in Sources */ = {isa = PBXBuildFile; fileRef = 320205E82C23BDFC00725DC5 /* TestData.swift */; };
		320205F02C23C1A500725DC5 /* CheapSharkAPITests.swift in Sources */ = {isa = PBXBuildFile; fileRef = 320205DF2C23BCE500725DC5 /* CheapSharkAPITests.swift */; };
		320205F12C23C1F900725DC5 /* Shop.swift in Sources */ = {isa = PBXBuildFile; fileRef = 320205E62C23BD9A00725DC5 /* Shop.swift */; };
		320205F62C23C43100725DC5 /* APIRequest.swift in Sources */ = {isa = PBXBuildFile; fileRef = 320205F52C23C43100725DC5 /* APIRequest.swift */; };
		320205F82C23C48600725DC5 /* ShopsAPIRequest.swift in Sources */ = {isa = PBXBuildFile; fileRef = 320205F72C23C48600725DC5 /* ShopsAPIRequest.swift */; };
		320205FA2C23C61500725DC5 /* IsThereAnyDealService.swift in Sources */ = {isa = PBXBuildFile; fileRef = 320205F92C23C61500725DC5 /* IsThereAnyDealService.swift */; };
		320205FB2C23C78500725DC5 /* IsThereAnyDealService.swift in Sources */ = {isa = PBXBuildFile; fileRef = 320205F92C23C61500725DC5 /* IsThereAnyDealService.swift */; };
		320205FC2C23C85500725DC5 /* ShopsAPIRequest.swift in Sources */ = {isa = PBXBuildFile; fileRef = 320205F72C23C48600725DC5 /* ShopsAPIRequest.swift */; };
		320205FD2C23C86400725DC5 /* APIRequest.swift in Sources */ = {isa = PBXBuildFile; fileRef = 320205F52C23C43100725DC5 /* APIRequest.swift */; };
		320205FF2C24BB1700725DC5 /* Item.swift in Sources */ = {isa = PBXBuildFile; fileRef = 320205FE2C24BB1700725DC5 /* Item.swift */; };
		320206012C24C16700725DC5 /* Deal.swift in Sources */ = {isa = PBXBuildFile; fileRef = 320206002C24C16700725DC5 /* Deal.swift */; };
		320206032C24CDD600725DC5 /* DealsAPIRequest.swift in Sources */ = {isa = PBXBuildFile; fileRef = 320206022C24CDD600725DC5 /* DealsAPIRequest.swift */; };
		320206042C24D98400725DC5 /* Deal.swift in Sources */ = {isa = PBXBuildFile; fileRef = 320206002C24C16700725DC5 /* Deal.swift */; };
		321C5D242C5D891C006919C0 /* HCSStarRatingView.m in Sources */ = {isa = PBXBuildFile; fileRef = 321C5D222C5D891C006919C0 /* HCSStarRatingView.m */; };
		32324E4E2C476844009D3E74 /* GoogleSignInHeaderView.swift in Sources */ = {isa = PBXBuildFile; fileRef = 32324E4D2C476844009D3E74 /* GoogleSignInHeaderView.swift */; };
		3248352B2C3C874E00130324 /* PriceOverviewAPIRequest.swift in Sources */ = {isa = PBXBuildFile; fileRef = 3248352A2C3C874E00130324 /* PriceOverviewAPIRequest.swift */; };
		3248352D2C3C877A00130324 /* PriceOverview.swift in Sources */ = {isa = PBXBuildFile; fileRef = 3248352C2C3C877A00130324 /* PriceOverview.swift */; };
		3248352E2C3C8A3D00130324 /* PriceOverviewAPIRequest.swift in Sources */ = {isa = PBXBuildFile; fileRef = 3248352A2C3C874E00130324 /* PriceOverviewAPIRequest.swift */; };
		3248352F2C3C8A4500130324 /* PriceOverview.swift in Sources */ = {isa = PBXBuildFile; fileRef = 3248352C2C3C877A00130324 /* PriceOverview.swift */; };
		32961DFB2C24DE9E00B2BB9C /* DealsAPIRequest.swift in Sources */ = {isa = PBXBuildFile; fileRef = 320206022C24CDD600725DC5 /* DealsAPIRequest.swift */; };
		32961E072C2A1E5A00B2BB9C /* SectionHeaderView.swift in Sources */ = {isa = PBXBuildFile; fileRef = 32961E062C2A1E5A00B2BB9C /* SectionHeaderView.swift */; };
		32961E092C2A1E8B00B2BB9C /* LineView.swift in Sources */ = {isa = PBXBuildFile; fileRef = 32961E082C2A1E8B00B2BB9C /* LineView.swift */; };
		32961E0B2C2A2ED200B2BB9C /* Settings.swift in Sources */ = {isa = PBXBuildFile; fileRef = 32961E0A2C2A2ED200B2BB9C /* Settings.swift */; };
		32961E0D2C2A389D00B2BB9C /* ImageAPIRequest.swift in Sources */ = {isa = PBXBuildFile; fileRef = 32961E0C2C2A389D00B2BB9C /* ImageAPIRequest.swift */; };
		32961E0F2C2B398800B2BB9C /* IsThereAnyDealAPITests.swift in Sources */ = {isa = PBXBuildFile; fileRef = 32961E0E2C2B398800B2BB9C /* IsThereAnyDealAPITests.swift */; };
		32961E132C2B6C1600B2BB9C /* SearchItem.swift in Sources */ = {isa = PBXBuildFile; fileRef = 32961E122C2B6C1600B2BB9C /* SearchItem.swift */; };
		32961E142C2B6CF200B2BB9C /* SearchItem.swift in Sources */ = {isa = PBXBuildFile; fileRef = 32961E122C2B6C1600B2BB9C /* SearchItem.swift */; };
		32961E162C2B6D9F00B2BB9C /* SearchAPIRequest.swift in Sources */ = {isa = PBXBuildFile; fileRef = 32961E152C2B6D9F00B2BB9C /* SearchAPIRequest.swift */; };
		32961E172C2B6F5300B2BB9C /* SearchAPIRequest.swift in Sources */ = {isa = PBXBuildFile; fileRef = 32961E152C2B6D9F00B2BB9C /* SearchAPIRequest.swift */; };
		32961E192C2B76D900B2BB9C /* Game.swift in Sources */ = {isa = PBXBuildFile; fileRef = 32961E182C2B76D900B2BB9C /* Game.swift */; };
		32961E1B2C2B79EC00B2BB9C /* GameAPIRequest.swift in Sources */ = {isa = PBXBuildFile; fileRef = 32961E1A2C2B79EC00B2BB9C /* GameAPIRequest.swift */; };
		32961E1C2C2B843B00B2BB9C /* Game.swift in Sources */ = {isa = PBXBuildFile; fileRef = 32961E182C2B76D900B2BB9C /* Game.swift */; };
		32961E1D2C2B849400B2BB9C /* GameAPIRequest.swift in Sources */ = {isa = PBXBuildFile; fileRef = 32961E1A2C2B79EC00B2BB9C /* GameAPIRequest.swift */; };
		32961E202C2D01C600B2BB9C /* PriceView.swift in Sources */ = {isa = PBXBuildFile; fileRef = 32961E1F2C2D01C600B2BB9C /* PriceView.swift */; };
		32961E222C2D0FC100B2BB9C /* DiscountView.swift in Sources */ = {isa = PBXBuildFile; fileRef = 32961E212C2D0FC100B2BB9C /* DiscountView.swift */; };
		32961E242C2DDFD500B2BB9C /* Test.swift in Sources */ = {isa = PBXBuildFile; fileRef = 32961E232C2DDFD500B2BB9C /* Test.swift */; };
		32961E262C2DE7CF00B2BB9C /* DiscountPriceView.swift in Sources */ = {isa = PBXBuildFile; fileRef = 32961E252C2DE7CF00B2BB9C /* DiscountPriceView.swift */; };
		32961E282C2E2A7C00B2BB9C /* ResultsViewController.swift in Sources */ = {isa = PBXBuildFile; fileRef = 32961E272C2E2A7C00B2BB9C /* ResultsViewController.swift */; };
		32961E2A2C32224500B2BB9C /* Price.swift in Sources */ = {isa = PBXBuildFile; fileRef = 32961E292C32224500B2BB9C /* Price.swift */; };
		32961E2C2C32325500B2BB9C /* PricesAPIRequest.swift in Sources */ = {isa = PBXBuildFile; fileRef = 32961E2B2C32325500B2BB9C /* PricesAPIRequest.swift */; };
		32961E2D2C32368500B2BB9C /* Price.swift in Sources */ = {isa = PBXBuildFile; fileRef = 32961E292C32224500B2BB9C /* Price.swift */; };
		32961E2E2C3237EC00B2BB9C /* PricesAPIRequest.swift in Sources */ = {isa = PBXBuildFile; fileRef = 32961E2B2C32325500B2BB9C /* PricesAPIRequest.swift */; };
		32A66CBD2C360E4400919F2F /* Stat.swift in Sources */ = {isa = PBXBuildFile; fileRef = 32A66CBC2C360E4400919F2F /* Stat.swift */; };
		32A66CBF2C360EE700919F2F /* WaitlistAPIRequest.swift in Sources */ = {isa = PBXBuildFile; fileRef = 32A66CBE2C360EE700919F2F /* WaitlistAPIRequest.swift */; };
		32A66CC12C3724CD00919F2F /* PopularAPIRequest.swift in Sources */ = {isa = PBXBuildFile; fileRef = 32A66CC02C3724CD00919F2F /* PopularAPIRequest.swift */; };
		32A66CC32C372CCE00919F2F /* GameDetail.swift in Sources */ = {isa = PBXBuildFile; fileRef = 32A66CC22C372CCE00919F2F /* GameDetail.swift */; };
		32A66CC52C372E6700919F2F /* GameDetailAPIRequest.swift in Sources */ = {isa = PBXBuildFile; fileRef = 32A66CC42C372E6700919F2F /* GameDetailAPIRequest.swift */; };
		32A66CC72C37362200919F2F /* SteamWebAPITests.swift in Sources */ = {isa = PBXBuildFile; fileRef = 32A66CC62C37362200919F2F /* SteamWebAPITests.swift */; };
		32A66CC82C37368200919F2F /* GameDetail.swift in Sources */ = {isa = PBXBuildFile; fileRef = 32A66CC22C372CCE00919F2F /* GameDetail.swift */; };
		32A66CC92C37371F00919F2F /* Stat.swift in Sources */ = {isa = PBXBuildFile; fileRef = 32A66CBC2C360E4400919F2F /* Stat.swift */; };
		32A66CCA2C37373600919F2F /* WaitlistAPIRequest.swift in Sources */ = {isa = PBXBuildFile; fileRef = 32A66CBE2C360EE700919F2F /* WaitlistAPIRequest.swift */; };
		32A66CCB2C37373A00919F2F /* PopularAPIRequest.swift in Sources */ = {isa = PBXBuildFile; fileRef = 32A66CC02C3724CD00919F2F /* PopularAPIRequest.swift */; };
		32A66CCC2C37373D00919F2F /* GameDetailAPIRequest.swift in Sources */ = {isa = PBXBuildFile; fileRef = 32A66CC42C372E6700919F2F /* GameDetailAPIRequest.swift */; };
		32A66CCE2C373F5200919F2F /* GameDetailViewController.swift in Sources */ = {isa = PBXBuildFile; fileRef = 32A66CCD2C373F5200919F2F /* GameDetailViewController.swift */; };
		32B66CFE2C585F8F00A33612 /* WishlistItem.swift in Sources */ = {isa = PBXBuildFile; fileRef = 32B66CFD2C585F8F00A33612 /* WishlistItem.swift */; };
		32D3D46D2C44B6DC0036E964 /* FirebaseAnalytics in Frameworks */ = {isa = PBXBuildFile; productRef = 32D3D46C2C44B6DC0036E964 /* FirebaseAnalytics */; };
		32D3D46F2C44B6DC0036E964 /* FirebaseAnalyticsSwift in Frameworks */ = {isa = PBXBuildFile; productRef = 32D3D46E2C44B6DC0036E964 /* FirebaseAnalyticsSwift */; };
		32D3D4712C44B6DC0036E964 /* FirebaseAuth in Frameworks */ = {isa = PBXBuildFile; productRef = 32D3D4702C44B6DC0036E964 /* FirebaseAuth */; };
		32D3D4732C44B6DC0036E964 /* FirebaseFirestore in Frameworks */ = {isa = PBXBuildFile; productRef = 32D3D4722C44B6DC0036E964 /* FirebaseFirestore */; };
		32D3D4752C44B6DC0036E964 /* FirebaseFirestoreSwift in Frameworks */ = {isa = PBXBuildFile; productRef = 32D3D4742C44B6DC0036E964 /* FirebaseFirestoreSwift */; };
		32D3D4772C44B6DC0036E964 /* FirebaseFunctions in Frameworks */ = {isa = PBXBuildFile; productRef = 32D3D4762C44B6DC0036E964 /* FirebaseFunctions */; };
		32D3D4792C44B6DC0036E964 /* FirebaseMessaging in Frameworks */ = {isa = PBXBuildFile; productRef = 32D3D4782C44B6DC0036E964 /* FirebaseMessaging */; };
		32D3D4892C44C4C50036E964 /* GoogleSignIn in Frameworks */ = {isa = PBXBuildFile; productRef = 32D3D4882C44C4C50036E964 /* GoogleSignIn */; };
		32D3D48B2C44C4C50036E964 /* GoogleSignInSwift in Frameworks */ = {isa = PBXBuildFile; productRef = 32D3D48A2C44C4C50036E964 /* GoogleSignInSwift */; };
		32D3D48D2C44C5E60036E964 /* GoogleService-Info.plist in Resources */ = {isa = PBXBuildFile; fileRef = 32D3D48C2C44C5E60036E964 /* GoogleService-Info.plist */; };
		32D3D4BE2C47486B0036E964 /* SignInTableViewCell.swift in Sources */ = {isa = PBXBuildFile; fileRef = 32D3D4AE2C47486A0036E964 /* SignInTableViewCell.swift */; };
		32D3D4BF2C47486B0036E964 /* FeaturedDealCollectionViewCell.swift in Sources */ = {isa = PBXBuildFile; fileRef = 32D3D4AF2C47486A0036E964 /* FeaturedDealCollectionViewCell.swift */; };
		32D3D4C12C47486B0036E964 /* SettingsTableViewCell.swift in Sources */ = {isa = PBXBuildFile; fileRef = 32D3D4B12C47486A0036E964 /* SettingsTableViewCell.swift */; };
		32D3D4C22C47486B0036E964 /* ShowMoreTableViewCell.swift in Sources */ = {isa = PBXBuildFile; fileRef = 32D3D4B22C47486A0036E964 /* ShowMoreTableViewCell.swift */; };
		32D3D4C32C47486B0036E964 /* BannerTableViewCell.swift in Sources */ = {isa = PBXBuildFile; fileRef = 32D3D4B32C47486A0036E964 /* BannerTableViewCell.swift */; };
		32D3D4C42C47486B0036E964 /* VoucherTableViewCell.swift in Sources */ = {isa = PBXBuildFile; fileRef = 32D3D4B42C47486A0036E964 /* VoucherTableViewCell.swift */; };
		32D3D4C52C47486B0036E964 /* CutView.swift in Sources */ = {isa = PBXBuildFile; fileRef = 32D3D4B52C47486A0036E964 /* CutView.swift */; };
		32D3D4C62C47486B0036E964 /* DealSmallCollectionViewCell.swift in Sources */ = {isa = PBXBuildFile; fileRef = 32D3D4B62C47486A0036E964 /* DealSmallCollectionViewCell.swift */; };
		32D3D4C82C47486B0036E964 /* PriceTableViewCell.swift in Sources */ = {isa = PBXBuildFile; fileRef = 32D3D4B82C47486A0036E964 /* PriceTableViewCell.swift */; };
		32D3D4C92C47486B0036E964 /* DealMediumCollectionViewCell.swift in Sources */ = {isa = PBXBuildFile; fileRef = 32D3D4B92C47486A0036E964 /* DealMediumCollectionViewCell.swift */; };
		32D3D4CA2C47486B0036E964 /* DescriptionTableViewCell.swift in Sources */ = {isa = PBXBuildFile; fileRef = 32D3D4BB2C47486A0036E964 /* DescriptionTableViewCell.swift */; };
		32D3D4CB2C47486B0036E964 /* StoreCollectionViewCell.swift in Sources */ = {isa = PBXBuildFile; fileRef = 32D3D4BC2C47486A0036E964 /* StoreCollectionViewCell.swift */; };
		32D3D4CE2C4749170036E964 /* BackgroundView.swift in Sources */ = {isa = PBXBuildFile; fileRef = 32D3D4CD2C4749170036E964 /* BackgroundView.swift */; };
		32D3D4D22C4751B00036E964 /* SignOutTableViewCell.swift in Sources */ = {isa = PBXBuildFile; fileRef = 32D3D4D12C4751B00036E964 /* SignOutTableViewCell.swift */; };
/* End PBXBuildFile section */

/* Begin PBXContainerItemProxy section */
		320205E12C23BCE500725DC5 /* PBXContainerItemProxy */ = {
			isa = PBXContainerItemProxy;
			containerPortal = 320205A62C23A45800725DC5 /* Project object */;
			proxyType = 1;
			remoteGlobalIDString = 320205AD2C23A45800725DC5;
			remoteInfo = Topaz;
		};
/* End PBXContainerItemProxy section */

/* Begin PBXFileReference section */
		320205AE2C23A45800725DC5 /* Topaz.app */ = {isa = PBXFileReference; explicitFileType = wrapper.application; includeInIndex = 0; path = Topaz.app; sourceTree = BUILT_PRODUCTS_DIR; };
		320205B12C23A45800725DC5 /* AppDelegate.swift */ = {isa = PBXFileReference; lastKnownFileType = sourcecode.swift; path = AppDelegate.swift; sourceTree = "<group>"; };
		320205B32C23A45800725DC5 /* SceneDelegate.swift */ = {isa = PBXFileReference; lastKnownFileType = sourcecode.swift; path = SceneDelegate.swift; sourceTree = "<group>"; };
		320205B52C23A45800725DC5 /* HomeViewController.swift */ = {isa = PBXFileReference; lastKnownFileType = sourcecode.swift; path = HomeViewController.swift; sourceTree = "<group>"; };
		320205BB2C23A45800725DC5 /* Topaz.xcdatamodel */ = {isa = PBXFileReference; lastKnownFileType = wrapper.xcdatamodel; path = Topaz.xcdatamodel; sourceTree = "<group>"; };
		320205BD2C23A45A00725DC5 /* Assets.xcassets */ = {isa = PBXFileReference; lastKnownFileType = folder.assetcatalog; path = Assets.xcassets; sourceTree = "<group>"; };
		320205C02C23A45A00725DC5 /* Base */ = {isa = PBXFileReference; lastKnownFileType = file.storyboard; name = Base; path = Base.lproj/LaunchScreen.storyboard; sourceTree = "<group>"; };
		320205C22C23A45A00725DC5 /* Topaz.entitlements */ = {isa = PBXFileReference; lastKnownFileType = text.plist.entitlements; path = Topaz.entitlements; sourceTree = "<group>"; };
		320205C32C23A45A00725DC5 /* Info.plist */ = {isa = PBXFileReference; lastKnownFileType = text.plist.xml; path = Info.plist; sourceTree = "<group>"; };
		320205CE2C23AC8400725DC5 /* SettingsViewController.swift */ = {isa = PBXFileReference; lastKnownFileType = sourcecode.swift; path = SettingsViewController.swift; sourceTree = "<group>"; };
		320205D02C23AC9900725DC5 /* StoresViewController.swift */ = {isa = PBXFileReference; lastKnownFileType = sourcecode.swift; path = StoresViewController.swift; sourceTree = "<group>"; };
		320205D22C23ACFB00725DC5 /* GiveawayViewController.swift */ = {isa = PBXFileReference; lastKnownFileType = sourcecode.swift; path = GiveawayViewController.swift; sourceTree = "<group>"; };
		320205D42C23AD0A00725DC5 /* WishlistViewController.swift */ = {isa = PBXFileReference; lastKnownFileType = sourcecode.swift; path = WishlistViewController.swift; sourceTree = "<group>"; };
		320205DD2C23BCE500725DC5 /* TopazTests.xctest */ = {isa = PBXFileReference; explicitFileType = wrapper.cfbundle; includeInIndex = 0; path = TopazTests.xctest; sourceTree = BUILT_PRODUCTS_DIR; };
		320205DF2C23BCE500725DC5 /* CheapSharkAPITests.swift */ = {isa = PBXFileReference; lastKnownFileType = sourcecode.swift; path = CheapSharkAPITests.swift; sourceTree = "<group>"; };
		320205E62C23BD9A00725DC5 /* Shop.swift */ = {isa = PBXFileReference; lastKnownFileType = sourcecode.swift; path = Shop.swift; sourceTree = "<group>"; };
		320205E82C23BDFC00725DC5 /* TestData.swift */ = {isa = PBXFileReference; lastKnownFileType = sourcecode.swift; path = TestData.swift; sourceTree = "<group>"; };
		320205F52C23C43100725DC5 /* APIRequest.swift */ = {isa = PBXFileReference; lastKnownFileType = sourcecode.swift; path = APIRequest.swift; sourceTree = "<group>"; };
		320205F72C23C48600725DC5 /* ShopsAPIRequest.swift */ = {isa = PBXFileReference; lastKnownFileType = sourcecode.swift; path = ShopsAPIRequest.swift; sourceTree = "<group>"; };
		320205F92C23C61500725DC5 /* IsThereAnyDealService.swift */ = {isa = PBXFileReference; lastKnownFileType = sourcecode.swift; path = IsThereAnyDealService.swift; sourceTree = "<group>"; };
		320205FE2C24BB1700725DC5 /* Item.swift */ = {isa = PBXFileReference; lastKnownFileType = sourcecode.swift; path = Item.swift; sourceTree = "<group>"; };
		320206002C24C16700725DC5 /* Deal.swift */ = {isa = PBXFileReference; lastKnownFileType = sourcecode.swift; path = Deal.swift; sourceTree = "<group>"; };
		320206022C24CDD600725DC5 /* DealsAPIRequest.swift */ = {isa = PBXFileReference; lastKnownFileType = sourcecode.swift; path = DealsAPIRequest.swift; sourceTree = "<group>"; };
		321C5D212C5D891C006919C0 /* Topaz-Bridging-Header.h */ = {isa = PBXFileReference; lastKnownFileType = sourcecode.c.h; path = "Topaz-Bridging-Header.h"; sourceTree = "<group>"; };
		321C5D222C5D891C006919C0 /* HCSStarRatingView.m */ = {isa = PBXFileReference; fileEncoding = 4; lastKnownFileType = sourcecode.c.objc; path = HCSStarRatingView.m; sourceTree = "<group>"; };
		321C5D232C5D891C006919C0 /* HCSStarRatingView.h */ = {isa = PBXFileReference; fileEncoding = 4; lastKnownFileType = sourcecode.c.h; path = HCSStarRatingView.h; sourceTree = "<group>"; };
		32324E4D2C476844009D3E74 /* GoogleSignInHeaderView.swift */ = {isa = PBXFileReference; lastKnownFileType = sourcecode.swift; path = GoogleSignInHeaderView.swift; sourceTree = "<group>"; };
		3248352A2C3C874E00130324 /* PriceOverviewAPIRequest.swift */ = {isa = PBXFileReference; lastKnownFileType = sourcecode.swift; path = PriceOverviewAPIRequest.swift; sourceTree = "<group>"; };
		3248352C2C3C877A00130324 /* PriceOverview.swift */ = {isa = PBXFileReference; lastKnownFileType = sourcecode.swift; path = PriceOverview.swift; sourceTree = "<group>"; };
		32961E062C2A1E5A00B2BB9C /* SectionHeaderView.swift */ = {isa = PBXFileReference; lastKnownFileType = sourcecode.swift; path = SectionHeaderView.swift; sourceTree = "<group>"; };
		32961E082C2A1E8B00B2BB9C /* LineView.swift */ = {isa = PBXFileReference; lastKnownFileType = sourcecode.swift; path = LineView.swift; sourceTree = "<group>"; };
		32961E0A2C2A2ED200B2BB9C /* Settings.swift */ = {isa = PBXFileReference; lastKnownFileType = sourcecode.swift; path = Settings.swift; sourceTree = "<group>"; };
		32961E0C2C2A389D00B2BB9C /* ImageAPIRequest.swift */ = {isa = PBXFileReference; lastKnownFileType = sourcecode.swift; path = ImageAPIRequest.swift; sourceTree = "<group>"; };
		32961E0E2C2B398800B2BB9C /* IsThereAnyDealAPITests.swift */ = {isa = PBXFileReference; lastKnownFileType = sourcecode.swift; path = IsThereAnyDealAPITests.swift; sourceTree = "<group>"; };
		32961E122C2B6C1600B2BB9C /* SearchItem.swift */ = {isa = PBXFileReference; lastKnownFileType = sourcecode.swift; path = SearchItem.swift; sourceTree = "<group>"; };
		32961E152C2B6D9F00B2BB9C /* SearchAPIRequest.swift */ = {isa = PBXFileReference; lastKnownFileType = sourcecode.swift; path = SearchAPIRequest.swift; sourceTree = "<group>"; };
		32961E182C2B76D900B2BB9C /* Game.swift */ = {isa = PBXFileReference; lastKnownFileType = sourcecode.swift; path = Game.swift; sourceTree = "<group>"; };
		32961E1A2C2B79EC00B2BB9C /* GameAPIRequest.swift */ = {isa = PBXFileReference; lastKnownFileType = sourcecode.swift; path = GameAPIRequest.swift; sourceTree = "<group>"; };
		32961E1F2C2D01C600B2BB9C /* PriceView.swift */ = {isa = PBXFileReference; lastKnownFileType = sourcecode.swift; path = PriceView.swift; sourceTree = "<group>"; };
		32961E212C2D0FC100B2BB9C /* DiscountView.swift */ = {isa = PBXFileReference; lastKnownFileType = sourcecode.swift; path = DiscountView.swift; sourceTree = "<group>"; };
		32961E232C2DDFD500B2BB9C /* Test.swift */ = {isa = PBXFileReference; lastKnownFileType = sourcecode.swift; path = Test.swift; sourceTree = "<group>"; };
		32961E252C2DE7CF00B2BB9C /* DiscountPriceView.swift */ = {isa = PBXFileReference; lastKnownFileType = sourcecode.swift; path = DiscountPriceView.swift; sourceTree = "<group>"; };
		32961E272C2E2A7C00B2BB9C /* ResultsViewController.swift */ = {isa = PBXFileReference; lastKnownFileType = sourcecode.swift; path = ResultsViewController.swift; sourceTree = "<group>"; };
		32961E292C32224500B2BB9C /* Price.swift */ = {isa = PBXFileReference; lastKnownFileType = sourcecode.swift; path = Price.swift; sourceTree = "<group>"; };
		32961E2B2C32325500B2BB9C /* PricesAPIRequest.swift */ = {isa = PBXFileReference; lastKnownFileType = sourcecode.swift; path = PricesAPIRequest.swift; sourceTree = "<group>"; };
		32A66CBC2C360E4400919F2F /* Stat.swift */ = {isa = PBXFileReference; lastKnownFileType = sourcecode.swift; path = Stat.swift; sourceTree = "<group>"; };
		32A66CBE2C360EE700919F2F /* WaitlistAPIRequest.swift */ = {isa = PBXFileReference; lastKnownFileType = sourcecode.swift; path = WaitlistAPIRequest.swift; sourceTree = "<group>"; };
		32A66CC02C3724CD00919F2F /* PopularAPIRequest.swift */ = {isa = PBXFileReference; lastKnownFileType = sourcecode.swift; path = PopularAPIRequest.swift; sourceTree = "<group>"; };
		32A66CC22C372CCE00919F2F /* GameDetail.swift */ = {isa = PBXFileReference; lastKnownFileType = sourcecode.swift; path = GameDetail.swift; sourceTree = "<group>"; };
		32A66CC42C372E6700919F2F /* GameDetailAPIRequest.swift */ = {isa = PBXFileReference; lastKnownFileType = sourcecode.swift; path = GameDetailAPIRequest.swift; sourceTree = "<group>"; };
		32A66CC62C37362200919F2F /* SteamWebAPITests.swift */ = {isa = PBXFileReference; lastKnownFileType = sourcecode.swift; path = SteamWebAPITests.swift; sourceTree = "<group>"; };
		32A66CCD2C373F5200919F2F /* GameDetailViewController.swift */ = {isa = PBXFileReference; lastKnownFileType = sourcecode.swift; path = GameDetailViewController.swift; sourceTree = "<group>"; };
		32B66CFD2C585F8F00A33612 /* WishlistItem.swift */ = {isa = PBXFileReference; lastKnownFileType = sourcecode.swift; path = WishlistItem.swift; sourceTree = "<group>"; };
		32D3D48C2C44C5E60036E964 /* GoogleService-Info.plist */ = {isa = PBXFileReference; fileEncoding = 4; lastKnownFileType = text.plist.xml; path = "GoogleService-Info.plist"; sourceTree = "<group>"; };
		32D3D4AE2C47486A0036E964 /* SignInTableViewCell.swift */ = {isa = PBXFileReference; fileEncoding = 4; lastKnownFileType = sourcecode.swift; path = SignInTableViewCell.swift; sourceTree = "<group>"; };
		32D3D4AF2C47486A0036E964 /* FeaturedDealCollectionViewCell.swift */ = {isa = PBXFileReference; fileEncoding = 4; lastKnownFileType = sourcecode.swift; path = FeaturedDealCollectionViewCell.swift; sourceTree = "<group>"; };
		32D3D4B12C47486A0036E964 /* SettingsTableViewCell.swift */ = {isa = PBXFileReference; fileEncoding = 4; lastKnownFileType = sourcecode.swift; path = SettingsTableViewCell.swift; sourceTree = "<group>"; };
		32D3D4B22C47486A0036E964 /* ShowMoreTableViewCell.swift */ = {isa = PBXFileReference; fileEncoding = 4; lastKnownFileType = sourcecode.swift; path = ShowMoreTableViewCell.swift; sourceTree = "<group>"; };
		32D3D4B32C47486A0036E964 /* BannerTableViewCell.swift */ = {isa = PBXFileReference; fileEncoding = 4; lastKnownFileType = sourcecode.swift; path = BannerTableViewCell.swift; sourceTree = "<group>"; };
		32D3D4B42C47486A0036E964 /* VoucherTableViewCell.swift */ = {isa = PBXFileReference; fileEncoding = 4; lastKnownFileType = sourcecode.swift; path = VoucherTableViewCell.swift; sourceTree = "<group>"; };
		32D3D4B52C47486A0036E964 /* CutView.swift */ = {isa = PBXFileReference; fileEncoding = 4; lastKnownFileType = sourcecode.swift; path = CutView.swift; sourceTree = "<group>"; };
		32D3D4B62C47486A0036E964 /* DealSmallCollectionViewCell.swift */ = {isa = PBXFileReference; fileEncoding = 4; lastKnownFileType = sourcecode.swift; path = DealSmallCollectionViewCell.swift; sourceTree = "<group>"; };
		32D3D4B82C47486A0036E964 /* PriceTableViewCell.swift */ = {isa = PBXFileReference; fileEncoding = 4; lastKnownFileType = sourcecode.swift; path = PriceTableViewCell.swift; sourceTree = "<group>"; };
		32D3D4B92C47486A0036E964 /* DealMediumCollectionViewCell.swift */ = {isa = PBXFileReference; fileEncoding = 4; lastKnownFileType = sourcecode.swift; path = DealMediumCollectionViewCell.swift; sourceTree = "<group>"; };
		32D3D4BB2C47486A0036E964 /* DescriptionTableViewCell.swift */ = {isa = PBXFileReference; fileEncoding = 4; lastKnownFileType = sourcecode.swift; path = DescriptionTableViewCell.swift; sourceTree = "<group>"; };
		32D3D4BC2C47486A0036E964 /* StoreCollectionViewCell.swift */ = {isa = PBXFileReference; fileEncoding = 4; lastKnownFileType = sourcecode.swift; path = StoreCollectionViewCell.swift; sourceTree = "<group>"; };
		32D3D4CD2C4749170036E964 /* BackgroundView.swift */ = {isa = PBXFileReference; fileEncoding = 4; lastKnownFileType = sourcecode.swift; path = BackgroundView.swift; sourceTree = "<group>"; };
		32D3D4D12C4751B00036E964 /* SignOutTableViewCell.swift */ = {isa = PBXFileReference; lastKnownFileType = sourcecode.swift; path = SignOutTableViewCell.swift; sourceTree = "<group>"; };
/* End PBXFileReference section */

/* Begin PBXFrameworksBuildPhase section */
		320205AB2C23A45800725DC5 /* Frameworks */ = {
			isa = PBXFrameworksBuildPhase;
			buildActionMask = 2147483647;
			files = (
				32D3D48B2C44C4C50036E964 /* GoogleSignInSwift in Frameworks */,
				32D3D4752C44B6DC0036E964 /* FirebaseFirestoreSwift in Frameworks */,
				32D3D4892C44C4C50036E964 /* GoogleSignIn in Frameworks */,
				32D3D46F2C44B6DC0036E964 /* FirebaseAnalyticsSwift in Frameworks */,
				32D3D4792C44B6DC0036E964 /* FirebaseMessaging in Frameworks */,
				32D3D4732C44B6DC0036E964 /* FirebaseFirestore in Frameworks */,
				32D3D4772C44B6DC0036E964 /* FirebaseFunctions in Frameworks */,
				32D3D4712C44B6DC0036E964 /* FirebaseAuth in Frameworks */,
				32D3D46D2C44B6DC0036E964 /* FirebaseAnalytics in Frameworks */,
			);
			runOnlyForDeploymentPostprocessing = 0;
		};
		320205DA2C23BCE500725DC5 /* Frameworks */ = {
			isa = PBXFrameworksBuildPhase;
			buildActionMask = 2147483647;
			files = (
			);
			runOnlyForDeploymentPostprocessing = 0;
		};
/* End PBXFrameworksBuildPhase section */

/* Begin PBXGroup section */
		320205A52C23A45800725DC5 = {
			isa = PBXGroup;
			children = (
				320205B02C23A45800725DC5 /* Topaz */,
				320205DE2C23BCE500725DC5 /* TopazTests */,
				320205AF2C23A45800725DC5 /* Products */,
			);
			sourceTree = "<group>";
		};
		320205AF2C23A45800725DC5 /* Products */ = {
			isa = PBXGroup;
			children = (
				320205AE2C23A45800725DC5 /* Topaz.app */,
				320205DD2C23BCE500725DC5 /* TopazTests.xctest */,
			);
			name = Products;
			sourceTree = "<group>";
		};
		320205B02C23A45800725DC5 /* Topaz */ = {
			isa = PBXGroup;
			children = (
				32961E1E2C2D01B600B2BB9C /* Views */,
				32961E052C2A1E2D00B2BB9C /* SupplementaryViews */,
				32961DFE2C2630D100B2BB9C /* Cells */,
				320205F42C23C42700725DC5 /* Networking */,
				320205CB2C23ABB700725DC5 /* Models */,
				320205CA2C23ABB300725DC5 /* ViewControllers */,
				320205B12C23A45800725DC5 /* AppDelegate.swift */,
				320205B32C23A45800725DC5 /* SceneDelegate.swift */,
				320205BD2C23A45A00725DC5 /* Assets.xcassets */,
				320205BF2C23A45A00725DC5 /* LaunchScreen.storyboard */,
				320205C22C23A45A00725DC5 /* Topaz.entitlements */,
				320205C32C23A45A00725DC5 /* Info.plist */,
				32D3D48C2C44C5E60036E964 /* GoogleService-Info.plist */,
				320205BA2C23A45800725DC5 /* Topaz.xcdatamodeld */,
				32961E0A2C2A2ED200B2BB9C /* Settings.swift */,
			);
			path = Topaz;
			sourceTree = "<group>";
		};
		320205CA2C23ABB300725DC5 /* ViewControllers */ = {
			isa = PBXGroup;
			children = (
				320205D22C23ACFB00725DC5 /* GiveawayViewController.swift */,
				320205B52C23A45800725DC5 /* HomeViewController.swift */,
				320205CE2C23AC8400725DC5 /* SettingsViewController.swift */,
				320205D02C23AC9900725DC5 /* StoresViewController.swift */,
				320205D42C23AD0A00725DC5 /* WishlistViewController.swift */,
				32961E272C2E2A7C00B2BB9C /* ResultsViewController.swift */,
				32A66CCD2C373F5200919F2F /* GameDetailViewController.swift */,
			);
			path = ViewControllers;
			sourceTree = "<group>";
		};
		320205CB2C23ABB700725DC5 /* Models */ = {
			isa = PBXGroup;
			children = (
				320205E62C23BD9A00725DC5 /* Shop.swift */,
				320205FE2C24BB1700725DC5 /* Item.swift */,
				320206002C24C16700725DC5 /* Deal.swift */,
				32961E122C2B6C1600B2BB9C /* SearchItem.swift */,
				32961E182C2B76D900B2BB9C /* Game.swift */,
				32961E292C32224500B2BB9C /* Price.swift */,
				32A66CBC2C360E4400919F2F /* Stat.swift */,
				32A66CC22C372CCE00919F2F /* GameDetail.swift */,
				3248352C2C3C877A00130324 /* PriceOverview.swift */,
				32B66CFD2C585F8F00A33612 /* WishlistItem.swift */,
			);
			path = Models;
			sourceTree = "<group>";
		};
		320205DE2C23BCE500725DC5 /* TopazTests */ = {
			isa = PBXGroup;
			children = (
				320205DF2C23BCE500725DC5 /* CheapSharkAPITests.swift */,
				320205E82C23BDFC00725DC5 /* TestData.swift */,
				32961E0E2C2B398800B2BB9C /* IsThereAnyDealAPITests.swift */,
				32A66CC62C37362200919F2F /* SteamWebAPITests.swift */,
			);
			path = TopazTests;
			sourceTree = "<group>";
		};
		320205F42C23C42700725DC5 /* Networking */ = {
			isa = PBXGroup;
			children = (
				320205F52C23C43100725DC5 /* APIRequest.swift */,
				320205F72C23C48600725DC5 /* ShopsAPIRequest.swift */,
				320205F92C23C61500725DC5 /* IsThereAnyDealService.swift */,
				320206022C24CDD600725DC5 /* DealsAPIRequest.swift */,
				32961E0C2C2A389D00B2BB9C /* ImageAPIRequest.swift */,
				32961E152C2B6D9F00B2BB9C /* SearchAPIRequest.swift */,
				32961E1A2C2B79EC00B2BB9C /* GameAPIRequest.swift */,
				32961E2B2C32325500B2BB9C /* PricesAPIRequest.swift */,
				32A66CBE2C360EE700919F2F /* WaitlistAPIRequest.swift */,
				32A66CC02C3724CD00919F2F /* PopularAPIRequest.swift */,
				32A66CC42C372E6700919F2F /* GameDetailAPIRequest.swift */,
				3248352A2C3C874E00130324 /* PriceOverviewAPIRequest.swift */,
			);
			path = Networking;
			sourceTree = "<group>";
		};
		32961DFE2C2630D100B2BB9C /* Cells */ = {
			isa = PBXGroup;
			children = (
				32D3D4BA2C47486A0036E964 /* GameDetail */,
				32D3D4B82C47486A0036E964 /* PriceTableViewCell.swift */,
				32D3D4B12C47486A0036E964 /* SettingsTableViewCell.swift */,
				32D3D4B22C47486A0036E964 /* ShowMoreTableViewCell.swift */,
				32D3D4AE2C47486A0036E964 /* SignInTableViewCell.swift */,
				32D3D4BC2C47486A0036E964 /* StoreCollectionViewCell.swift */,
				32D3D4B42C47486A0036E964 /* VoucherTableViewCell.swift */,
				32D3D4D12C4751B00036E964 /* SignOutTableViewCell.swift */,
			);
			path = Cells;
			sourceTree = "<group>";
		};
		32961E052C2A1E2D00B2BB9C /* SupplementaryViews */ = {
			isa = PBXGroup;
			children = (
				32961E062C2A1E5A00B2BB9C /* SectionHeaderView.swift */,
				32961E082C2A1E8B00B2BB9C /* LineView.swift */,
				32324E4D2C476844009D3E74 /* GoogleSignInHeaderView.swift */,
			);
			path = SupplementaryViews;
			sourceTree = "<group>";
		};
		32961E1E2C2D01B600B2BB9C /* Views */ = {
			isa = PBXGroup;
			children = (
				321C5D232C5D891C006919C0 /* HCSStarRatingView.h */,
				321C5D222C5D891C006919C0 /* HCSStarRatingView.m */,
				32961E1F2C2D01C600B2BB9C /* PriceView.swift */,
				32961E212C2D0FC100B2BB9C /* DiscountView.swift */,
				32961E232C2DDFD500B2BB9C /* Test.swift */,
				32961E252C2DE7CF00B2BB9C /* DiscountPriceView.swift */,
				321C5D212C5D891C006919C0 /* Topaz-Bridging-Header.h */,
			);
			path = Views;
			sourceTree = "<group>";
		};
		32D3D4BA2C47486A0036E964 /* GameDetail */ = {
			isa = PBXGroup;
			children = (
				32D3D4CD2C4749170036E964 /* BackgroundView.swift */,
				32D3D4B32C47486A0036E964 /* BannerTableViewCell.swift */,
				32D3D4B52C47486A0036E964 /* CutView.swift */,
				32D3D4B92C47486A0036E964 /* DealMediumCollectionViewCell.swift */,
				32D3D4B62C47486A0036E964 /* DealSmallCollectionViewCell.swift */,
				32D3D4BB2C47486A0036E964 /* DescriptionTableViewCell.swift */,
				32D3D4AF2C47486A0036E964 /* FeaturedDealCollectionViewCell.swift */,
			);
			path = GameDetail;
			sourceTree = "<group>";
		};
/* End PBXGroup section */

/* Begin PBXNativeTarget section */
		320205AD2C23A45800725DC5 /* Topaz */ = {
			isa = PBXNativeTarget;
			buildConfigurationList = 320205C62C23A45A00725DC5 /* Build configuration list for PBXNativeTarget "Topaz" */;
			buildPhases = (
				320205AA2C23A45800725DC5 /* Sources */,
				320205AB2C23A45800725DC5 /* Frameworks */,
				320205AC2C23A45800725DC5 /* Resources */,
			);
			buildRules = (
			);
			dependencies = (
			);
			name = Topaz;
			packageProductDependencies = (
				32D3D46C2C44B6DC0036E964 /* FirebaseAnalytics */,
				32D3D46E2C44B6DC0036E964 /* FirebaseAnalyticsSwift */,
				32D3D4702C44B6DC0036E964 /* FirebaseAuth */,
				32D3D4722C44B6DC0036E964 /* FirebaseFirestore */,
				32D3D4742C44B6DC0036E964 /* FirebaseFirestoreSwift */,
				32D3D4762C44B6DC0036E964 /* FirebaseFunctions */,
				32D3D4782C44B6DC0036E964 /* FirebaseMessaging */,
				32D3D4882C44C4C50036E964 /* GoogleSignIn */,
				32D3D48A2C44C4C50036E964 /* GoogleSignInSwift */,
			);
			productName = Topaz;
			productReference = 320205AE2C23A45800725DC5 /* Topaz.app */;
			productType = "com.apple.product-type.application";
		};
		320205DC2C23BCE500725DC5 /* TopazTests */ = {
			isa = PBXNativeTarget;
			buildConfigurationList = 320205E32C23BCE500725DC5 /* Build configuration list for PBXNativeTarget "TopazTests" */;
			buildPhases = (
				320205D92C23BCE500725DC5 /* Sources */,
				320205DA2C23BCE500725DC5 /* Frameworks */,
				320205DB2C23BCE500725DC5 /* Resources */,
			);
			buildRules = (
			);
			dependencies = (
				320205E22C23BCE500725DC5 /* PBXTargetDependency */,
			);
			name = TopazTests;
			productName = TopazTests;
			productReference = 320205DD2C23BCE500725DC5 /* TopazTests.xctest */;
			productType = "com.apple.product-type.bundle.unit-test";
		};
/* End PBXNativeTarget section */

/* Begin PBXProject section */
		320205A62C23A45800725DC5 /* Project object */ = {
			isa = PBXProject;
			attributes = {
				BuildIndependentTargetsInParallel = 1;
				LastSwiftUpdateCheck = 1500;
				LastUpgradeCheck = 1500;
				TargetAttributes = {
					320205AD2C23A45800725DC5 = {
						CreatedOnToolsVersion = 15.0.1;
						LastSwiftMigration = 1540;
					};
					320205DC2C23BCE500725DC5 = {
						CreatedOnToolsVersion = 15.0.1;
						TestTargetID = 320205AD2C23A45800725DC5;
					};
				};
			};
			buildConfigurationList = 320205A92C23A45800725DC5 /* Build configuration list for PBXProject "Topaz" */;
			compatibilityVersion = "Xcode 14.0";
			developmentRegion = en;
			hasScannedForEncodings = 0;
			knownRegions = (
				en,
				Base,
			);
			mainGroup = 320205A52C23A45800725DC5;
			packageReferences = (
				32D3D46B2C44B6DC0036E964 /* XCRemoteSwiftPackageReference "firebase-ios-sdk" */,
				32D3D4872C44C4C50036E964 /* XCRemoteSwiftPackageReference "GoogleSignIn-iOS" */,
			);
			productRefGroup = 320205AF2C23A45800725DC5 /* Products */;
			projectDirPath = "";
			projectRoot = "";
			targets = (
				320205AD2C23A45800725DC5 /* Topaz */,
				320205DC2C23BCE500725DC5 /* TopazTests */,
			);
		};
/* End PBXProject section */

/* Begin PBXResourcesBuildPhase section */
		320205AC2C23A45800725DC5 /* Resources */ = {
			isa = PBXResourcesBuildPhase;
			buildActionMask = 2147483647;
			files = (
				320205C12C23A45A00725DC5 /* LaunchScreen.storyboard in Resources */,
				320205BE2C23A45A00725DC5 /* Assets.xcassets in Resources */,
				32D3D48D2C44C5E60036E964 /* GoogleService-Info.plist in Resources */,
			);
			runOnlyForDeploymentPostprocessing = 0;
		};
		320205DB2C23BCE500725DC5 /* Resources */ = {
			isa = PBXResourcesBuildPhase;
			buildActionMask = 2147483647;
			files = (
			);
			runOnlyForDeploymentPostprocessing = 0;
		};
/* End PBXResourcesBuildPhase section */

/* Begin PBXSourcesBuildPhase section */
		320205AA2C23A45800725DC5 /* Sources */ = {
			isa = PBXSourcesBuildPhase;
			buildActionMask = 2147483647;
			files = (
				32961E222C2D0FC100B2BB9C /* DiscountView.swift in Sources */,
				32A66CC12C3724CD00919F2F /* PopularAPIRequest.swift in Sources */,
				32D3D4C12C47486B0036E964 /* SettingsTableViewCell.swift in Sources */,
				32D3D4BF2C47486B0036E964 /* FeaturedDealCollectionViewCell.swift in Sources */,
				320205BC2C23A45800725DC5 /* Topaz.xcdatamodeld in Sources */,
				32D3D4CE2C4749170036E964 /* BackgroundView.swift in Sources */,
				320205B62C23A45800725DC5 /* HomeViewController.swift in Sources */,
				320205D12C23AC9900725DC5 /* StoresViewController.swift in Sources */,
				32961E092C2A1E8B00B2BB9C /* LineView.swift in Sources */,
				32A66CBF2C360EE700919F2F /* WaitlistAPIRequest.swift in Sources */,
				32D3D4C22C47486B0036E964 /* ShowMoreTableViewCell.swift in Sources */,
				32961E2A2C32224500B2BB9C /* Price.swift in Sources */,
				320205FA2C23C61500725DC5 /* IsThereAnyDealService.swift in Sources */,
				32D3D4D22C4751B00036E964 /* SignOutTableViewCell.swift in Sources */,
				32961E2C2C32325500B2BB9C /* PricesAPIRequest.swift in Sources */,
				32D3D4C92C47486B0036E964 /* DealMediumCollectionViewCell.swift in Sources */,
				32961E202C2D01C600B2BB9C /* PriceView.swift in Sources */,
				32961E282C2E2A7C00B2BB9C /* ResultsViewController.swift in Sources */,
				32961E1B2C2B79EC00B2BB9C /* GameAPIRequest.swift in Sources */,
				32D3D4C62C47486B0036E964 /* DealSmallCollectionViewCell.swift in Sources */,
				32961E0D2C2A389D00B2BB9C /* ImageAPIRequest.swift in Sources */,
				32B66CFE2C585F8F00A33612 /* WishlistItem.swift in Sources */,
				32961E072C2A1E5A00B2BB9C /* SectionHeaderView.swift in Sources */,
				32D3D4C52C47486B0036E964 /* CutView.swift in Sources */,
				320205E72C23BD9A00725DC5 /* Shop.swift in Sources */,
				32A66CC32C372CCE00919F2F /* GameDetail.swift in Sources */,
				32961E162C2B6D9F00B2BB9C /* SearchAPIRequest.swift in Sources */,
				3248352B2C3C874E00130324 /* PriceOverviewAPIRequest.swift in Sources */,
				320205D32C23ACFB00725DC5 /* GiveawayViewController.swift in Sources */,
				32D3D4C82C47486B0036E964 /* PriceTableViewCell.swift in Sources */,
				32A66CCE2C373F5200919F2F /* GameDetailViewController.swift in Sources */,
				321C5D242C5D891C006919C0 /* HCSStarRatingView.m in Sources */,
				32324E4E2C476844009D3E74 /* GoogleSignInHeaderView.swift in Sources */,
				32A66CBD2C360E4400919F2F /* Stat.swift in Sources */,
				32A66CC52C372E6700919F2F /* GameDetailAPIRequest.swift in Sources */,
				32D3D4C32C47486B0036E964 /* BannerTableViewCell.swift in Sources */,
				320206032C24CDD600725DC5 /* DealsAPIRequest.swift in Sources */,
				32961E242C2DDFD500B2BB9C /* Test.swift in Sources */,
				320205B22C23A45800725DC5 /* AppDelegate.swift in Sources */,
				3248352D2C3C877A00130324 /* PriceOverview.swift in Sources */,
				320205FF2C24BB1700725DC5 /* Item.swift in Sources */,
				320205D52C23AD0A00725DC5 /* WishlistViewController.swift in Sources */,
				32D3D4CB2C47486B0036E964 /* StoreCollectionViewCell.swift in Sources */,
				320205F82C23C48600725DC5 /* ShopsAPIRequest.swift in Sources */,
				320205CF2C23AC8400725DC5 /* SettingsViewController.swift in Sources */,
				32961E132C2B6C1600B2BB9C /* SearchItem.swift in Sources */,
				320205F62C23C43100725DC5 /* APIRequest.swift in Sources */,
				320205B42C23A45800725DC5 /* SceneDelegate.swift in Sources */,
				32961E0B2C2A2ED200B2BB9C /* Settings.swift in Sources */,
				320206012C24C16700725DC5 /* Deal.swift in Sources */,
				32D3D4C42C47486B0036E964 /* VoucherTableViewCell.swift in Sources */,
				32D3D4BE2C47486B0036E964 /* SignInTableViewCell.swift in Sources */,
				32961E262C2DE7CF00B2BB9C /* DiscountPriceView.swift in Sources */,
				32D3D4CA2C47486B0036E964 /* DescriptionTableViewCell.swift in Sources */,
				32961E192C2B76D900B2BB9C /* Game.swift in Sources */,
			);
			runOnlyForDeploymentPostprocessing = 0;
		};
		320205D92C23BCE500725DC5 /* Sources */ = {
			isa = PBXSourcesBuildPhase;
			buildActionMask = 2147483647;
			files = (
				32A66CCB2C37373A00919F2F /* PopularAPIRequest.swift in Sources */,
				3248352E2C3C8A3D00130324 /* PriceOverviewAPIRequest.swift in Sources */,
				32A66CCA2C37373600919F2F /* WaitlistAPIRequest.swift in Sources */,
				320205FC2C23C85500725DC5 /* ShopsAPIRequest.swift in Sources */,
				32961E2D2C32368500B2BB9C /* Price.swift in Sources */,
				320205F12C23C1F900725DC5 /* Shop.swift in Sources */,
				320205F02C23C1A500725DC5 /* CheapSharkAPITests.swift in Sources */,
				320205E92C23BDFC00725DC5 /* TestData.swift in Sources */,
				32961DFB2C24DE9E00B2BB9C /* DealsAPIRequest.swift in Sources */,
				32A66CC72C37362200919F2F /* SteamWebAPITests.swift in Sources */,
				320205FD2C23C86400725DC5 /* APIRequest.swift in Sources */,
				32A66CC82C37368200919F2F /* GameDetail.swift in Sources */,
				32A66CC92C37371F00919F2F /* Stat.swift in Sources */,
				32961E142C2B6CF200B2BB9C /* SearchItem.swift in Sources */,
				32961E1C2C2B843B00B2BB9C /* Game.swift in Sources */,
				32961E2E2C3237EC00B2BB9C /* PricesAPIRequest.swift in Sources */,
				320205FB2C23C78500725DC5 /* IsThereAnyDealService.swift in Sources */,
				320206042C24D98400725DC5 /* Deal.swift in Sources */,
				32961E1D2C2B849400B2BB9C /* GameAPIRequest.swift in Sources */,
				32961E0F2C2B398800B2BB9C /* IsThereAnyDealAPITests.swift in Sources */,
				3248352F2C3C8A4500130324 /* PriceOverview.swift in Sources */,
				32961E172C2B6F5300B2BB9C /* SearchAPIRequest.swift in Sources */,
				32A66CCC2C37373D00919F2F /* GameDetailAPIRequest.swift in Sources */,
			);
			runOnlyForDeploymentPostprocessing = 0;
		};
/* End PBXSourcesBuildPhase section */

/* Begin PBXTargetDependency section */
		320205E22C23BCE500725DC5 /* PBXTargetDependency */ = {
			isa = PBXTargetDependency;
			target = 320205AD2C23A45800725DC5 /* Topaz */;
			targetProxy = 320205E12C23BCE500725DC5 /* PBXContainerItemProxy */;
		};
/* End PBXTargetDependency section */

/* Begin PBXVariantGroup section */
		320205BF2C23A45A00725DC5 /* LaunchScreen.storyboard */ = {
			isa = PBXVariantGroup;
			children = (
				320205C02C23A45A00725DC5 /* Base */,
			);
			name = LaunchScreen.storyboard;
			sourceTree = "<group>";
		};
/* End PBXVariantGroup section */

/* Begin XCBuildConfiguration section */
		320205C42C23A45A00725DC5 /* Debug */ = {
			isa = XCBuildConfiguration;
			buildSettings = {
				ALWAYS_SEARCH_USER_PATHS = NO;
				ASSETCATALOG_COMPILER_GENERATE_SWIFT_ASSET_SYMBOL_EXTENSIONS = YES;
				CLANG_ANALYZER_NONNULL = YES;
				CLANG_ANALYZER_NUMBER_OBJECT_CONVERSION = YES_AGGRESSIVE;
				CLANG_CXX_LANGUAGE_STANDARD = "gnu++20";
				CLANG_ENABLE_MODULES = YES;
				CLANG_ENABLE_OBJC_ARC = YES;
				CLANG_ENABLE_OBJC_WEAK = YES;
				CLANG_WARN_BLOCK_CAPTURE_AUTORELEASING = YES;
				CLANG_WARN_BOOL_CONVERSION = YES;
				CLANG_WARN_COMMA = YES;
				CLANG_WARN_CONSTANT_CONVERSION = YES;
				CLANG_WARN_DEPRECATED_OBJC_IMPLEMENTATIONS = YES;
				CLANG_WARN_DIRECT_OBJC_ISA_USAGE = YES_ERROR;
				CLANG_WARN_DOCUMENTATION_COMMENTS = YES;
				CLANG_WARN_EMPTY_BODY = YES;
				CLANG_WARN_ENUM_CONVERSION = YES;
				CLANG_WARN_INFINITE_RECURSION = YES;
				CLANG_WARN_INT_CONVERSION = YES;
				CLANG_WARN_NON_LITERAL_NULL_CONVERSION = YES;
				CLANG_WARN_OBJC_IMPLICIT_RETAIN_SELF = YES;
				CLANG_WARN_OBJC_LITERAL_CONVERSION = YES;
				CLANG_WARN_OBJC_ROOT_CLASS = YES_ERROR;
				CLANG_WARN_QUOTED_INCLUDE_IN_FRAMEWORK_HEADER = YES;
				CLANG_WARN_RANGE_LOOP_ANALYSIS = YES;
				CLANG_WARN_STRICT_PROTOTYPES = YES;
				CLANG_WARN_SUSPICIOUS_MOVE = YES;
				CLANG_WARN_UNGUARDED_AVAILABILITY = YES_AGGRESSIVE;
				CLANG_WARN_UNREACHABLE_CODE = YES;
				CLANG_WARN__DUPLICATE_METHOD_MATCH = YES;
				COPY_PHASE_STRIP = NO;
				DEBUG_INFORMATION_FORMAT = dwarf;
				ENABLE_STRICT_OBJC_MSGSEND = YES;
				ENABLE_TESTABILITY = YES;
				ENABLE_USER_SCRIPT_SANDBOXING = YES;
				GCC_C_LANGUAGE_STANDARD = gnu17;
				GCC_DYNAMIC_NO_PIC = NO;
				GCC_NO_COMMON_BLOCKS = YES;
				GCC_OPTIMIZATION_LEVEL = 0;
				GCC_PREPROCESSOR_DEFINITIONS = (
					"DEBUG=1",
					"$(inherited)",
				);
				GCC_WARN_64_TO_32_BIT_CONVERSION = YES;
				GCC_WARN_ABOUT_RETURN_TYPE = YES_ERROR;
				GCC_WARN_UNDECLARED_SELECTOR = YES;
				GCC_WARN_UNINITIALIZED_AUTOS = YES_AGGRESSIVE;
				GCC_WARN_UNUSED_FUNCTION = YES;
				GCC_WARN_UNUSED_VARIABLE = YES;
				IPHONEOS_DEPLOYMENT_TARGET = 17.0;
				LOCALIZATION_PREFERS_STRING_CATALOGS = YES;
				MTL_ENABLE_DEBUG_INFO = INCLUDE_SOURCE;
				MTL_FAST_MATH = YES;
				ONLY_ACTIVE_ARCH = YES;
				SDKROOT = iphoneos;
				SWIFT_ACTIVE_COMPILATION_CONDITIONS = "DEBUG $(inherited)";
				SWIFT_OPTIMIZATION_LEVEL = "-Onone";
			};
			name = Debug;
		};
		320205C52C23A45A00725DC5 /* Release */ = {
			isa = XCBuildConfiguration;
			buildSettings = {
				ALWAYS_SEARCH_USER_PATHS = NO;
				ASSETCATALOG_COMPILER_GENERATE_SWIFT_ASSET_SYMBOL_EXTENSIONS = YES;
				CLANG_ANALYZER_NONNULL = YES;
				CLANG_ANALYZER_NUMBER_OBJECT_CONVERSION = YES_AGGRESSIVE;
				CLANG_CXX_LANGUAGE_STANDARD = "gnu++20";
				CLANG_ENABLE_MODULES = YES;
				CLANG_ENABLE_OBJC_ARC = YES;
				CLANG_ENABLE_OBJC_WEAK = YES;
				CLANG_WARN_BLOCK_CAPTURE_AUTORELEASING = YES;
				CLANG_WARN_BOOL_CONVERSION = YES;
				CLANG_WARN_COMMA = YES;
				CLANG_WARN_CONSTANT_CONVERSION = YES;
				CLANG_WARN_DEPRECATED_OBJC_IMPLEMENTATIONS = YES;
				CLANG_WARN_DIRECT_OBJC_ISA_USAGE = YES_ERROR;
				CLANG_WARN_DOCUMENTATION_COMMENTS = YES;
				CLANG_WARN_EMPTY_BODY = YES;
				CLANG_WARN_ENUM_CONVERSION = YES;
				CLANG_WARN_INFINITE_RECURSION = YES;
				CLANG_WARN_INT_CONVERSION = YES;
				CLANG_WARN_NON_LITERAL_NULL_CONVERSION = YES;
				CLANG_WARN_OBJC_IMPLICIT_RETAIN_SELF = YES;
				CLANG_WARN_OBJC_LITERAL_CONVERSION = YES;
				CLANG_WARN_OBJC_ROOT_CLASS = YES_ERROR;
				CLANG_WARN_QUOTED_INCLUDE_IN_FRAMEWORK_HEADER = YES;
				CLANG_WARN_RANGE_LOOP_ANALYSIS = YES;
				CLANG_WARN_STRICT_PROTOTYPES = YES;
				CLANG_WARN_SUSPICIOUS_MOVE = YES;
				CLANG_WARN_UNGUARDED_AVAILABILITY = YES_AGGRESSIVE;
				CLANG_WARN_UNREACHABLE_CODE = YES;
				CLANG_WARN__DUPLICATE_METHOD_MATCH = YES;
				COPY_PHASE_STRIP = NO;
				DEBUG_INFORMATION_FORMAT = "dwarf-with-dsym";
				ENABLE_NS_ASSERTIONS = NO;
				ENABLE_STRICT_OBJC_MSGSEND = YES;
				ENABLE_USER_SCRIPT_SANDBOXING = YES;
				GCC_C_LANGUAGE_STANDARD = gnu17;
				GCC_NO_COMMON_BLOCKS = YES;
				GCC_WARN_64_TO_32_BIT_CONVERSION = YES;
				GCC_WARN_ABOUT_RETURN_TYPE = YES_ERROR;
				GCC_WARN_UNDECLARED_SELECTOR = YES;
				GCC_WARN_UNINITIALIZED_AUTOS = YES_AGGRESSIVE;
				GCC_WARN_UNUSED_FUNCTION = YES;
				GCC_WARN_UNUSED_VARIABLE = YES;
				IPHONEOS_DEPLOYMENT_TARGET = 17.0;
				LOCALIZATION_PREFERS_STRING_CATALOGS = YES;
				MTL_ENABLE_DEBUG_INFO = NO;
				MTL_FAST_MATH = YES;
				SDKROOT = iphoneos;
				SWIFT_COMPILATION_MODE = wholemodule;
				VALIDATE_PRODUCT = YES;
			};
			name = Release;
		};
		320205C72C23A45A00725DC5 /* Debug */ = {
			isa = XCBuildConfiguration;
			buildSettings = {
				ASSETCATALOG_COMPILER_APPICON_NAME = AppIcon;
				ASSETCATALOG_COMPILER_GLOBAL_ACCENT_COLOR_NAME = AccentColor;
				CLANG_ENABLE_MODULES = YES;
				CODE_SIGN_ENTITLEMENTS = Topaz/Topaz.entitlements;
				CODE_SIGN_STYLE = Automatic;
				CURRENT_PROJECT_VERSION = 1;
				DEVELOPMENT_TEAM = 8KHAQ7W8KV;
				GENERATE_INFOPLIST_FILE = YES;
				INFOPLIST_FILE = Topaz/Info.plist;
				INFOPLIST_KEY_UIApplicationSupportsIndirectInputEvents = YES;
				INFOPLIST_KEY_UILaunchStoryboardName = LaunchScreen;
				INFOPLIST_KEY_UISupportedInterfaceOrientations_iPad = "UIInterfaceOrientationPortrait UIInterfaceOrientationPortraitUpsideDown UIInterfaceOrientationLandscapeLeft UIInterfaceOrientationLandscapeRight";
				INFOPLIST_KEY_UISupportedInterfaceOrientations_iPhone = "UIInterfaceOrientationPortrait UIInterfaceOrientationLandscapeLeft UIInterfaceOrientationLandscapeRight";
				LD_RUNPATH_SEARCH_PATHS = (
					"$(inherited)",
					"@executable_path/Frameworks",
				);
				MARKETING_VERSION = 1.0;
				PRODUCT_BUNDLE_IDENTIFIER = com.timmynguyen.Topaz;
				PRODUCT_NAME = "$(TARGET_NAME)";
				SWIFT_EMIT_LOC_STRINGS = YES;
				SWIFT_OBJC_BRIDGING_HEADER = "Topaz/Views/Topaz-Bridging-Header.h";
				SWIFT_OPTIMIZATION_LEVEL = "-Onone";
				SWIFT_VERSION = 5.0;
				TARGETED_DEVICE_FAMILY = "1,2";
			};
			name = Debug;
		};
		320205C82C23A45A00725DC5 /* Release */ = {
			isa = XCBuildConfiguration;
			buildSettings = {
				ASSETCATALOG_COMPILER_APPICON_NAME = AppIcon;
				ASSETCATALOG_COMPILER_GLOBAL_ACCENT_COLOR_NAME = AccentColor;
				CLANG_ENABLE_MODULES = YES;
				CODE_SIGN_ENTITLEMENTS = Topaz/Topaz.entitlements;
				CODE_SIGN_STYLE = Automatic;
				CURRENT_PROJECT_VERSION = 1;
				DEVELOPMENT_TEAM = 8KHAQ7W8KV;
				GENERATE_INFOPLIST_FILE = YES;
				INFOPLIST_FILE = Topaz/Info.plist;
				INFOPLIST_KEY_UIApplicationSupportsIndirectInputEvents = YES;
				INFOPLIST_KEY_UILaunchStoryboardName = LaunchScreen;
				INFOPLIST_KEY_UISupportedInterfaceOrientations_iPad = "UIInterfaceOrientationPortrait UIInterfaceOrientationPortraitUpsideDown UIInterfaceOrientationLandscapeLeft UIInterfaceOrientationLandscapeRight";
				INFOPLIST_KEY_UISupportedInterfaceOrientations_iPhone = "UIInterfaceOrientationPortrait UIInterfaceOrientationLandscapeLeft UIInterfaceOrientationLandscapeRight";
				LD_RUNPATH_SEARCH_PATHS = (
					"$(inherited)",
					"@executable_path/Frameworks",
				);
				MARKETING_VERSION = 1.0;
				PRODUCT_BUNDLE_IDENTIFIER = com.timmynguyen.Topaz;
				PRODUCT_NAME = "$(TARGET_NAME)";
				SWIFT_EMIT_LOC_STRINGS = YES;
				SWIFT_OBJC_BRIDGING_HEADER = "Topaz/Views/Topaz-Bridging-Header.h";
				SWIFT_VERSION = 5.0;
				TARGETED_DEVICE_FAMILY = "1,2";
			};
			name = Release;
		};
		320205E42C23BCE500725DC5 /* Debug */ = {
			isa = XCBuildConfiguration;
			buildSettings = {
				BUNDLE_LOADER = "$(TEST_HOST)";
				CODE_SIGN_STYLE = Automatic;
				CURRENT_PROJECT_VERSION = 1;
				DEVELOPMENT_TEAM = 8KHAQ7W8KV;
				GENERATE_INFOPLIST_FILE = YES;
				MARKETING_VERSION = 1.0;
				PRODUCT_BUNDLE_IDENTIFIER = com.timmynguyen.TopazTests;
				PRODUCT_NAME = "$(TARGET_NAME)";
				SWIFT_EMIT_LOC_STRINGS = NO;
				SWIFT_VERSION = 5.0;
				TARGETED_DEVICE_FAMILY = "1,2";
				TEST_HOST = "$(BUILT_PRODUCTS_DIR)/Topaz.app/$(BUNDLE_EXECUTABLE_FOLDER_PATH)/Topaz";
			};
			name = Debug;
		};
		320205E52C23BCE500725DC5 /* Release */ = {
			isa = XCBuildConfiguration;
			buildSettings = {
				BUNDLE_LOADER = "$(TEST_HOST)";
				CODE_SIGN_STYLE = Automatic;
				CURRENT_PROJECT_VERSION = 1;
				DEVELOPMENT_TEAM = 8KHAQ7W8KV;
				GENERATE_INFOPLIST_FILE = YES;
				MARKETING_VERSION = 1.0;
				PRODUCT_BUNDLE_IDENTIFIER = com.timmynguyen.TopazTests;
				PRODUCT_NAME = "$(TARGET_NAME)";
				SWIFT_EMIT_LOC_STRINGS = NO;
				SWIFT_VERSION = 5.0;
				TARGETED_DEVICE_FAMILY = "1,2";
				TEST_HOST = "$(BUILT_PRODUCTS_DIR)/Topaz.app/$(BUNDLE_EXECUTABLE_FOLDER_PATH)/Topaz";
			};
			name = Release;
		};
/* End XCBuildConfiguration section */

/* Begin XCConfigurationList section */
		320205A92C23A45800725DC5 /* Build configuration list for PBXProject "Topaz" */ = {
			isa = XCConfigurationList;
			buildConfigurations = (
				320205C42C23A45A00725DC5 /* Debug */,
				320205C52C23A45A00725DC5 /* Release */,
			);
			defaultConfigurationIsVisible = 0;
			defaultConfigurationName = Release;
		};
		320205C62C23A45A00725DC5 /* Build configuration list for PBXNativeTarget "Topaz" */ = {
			isa = XCConfigurationList;
			buildConfigurations = (
				320205C72C23A45A00725DC5 /* Debug */,
				320205C82C23A45A00725DC5 /* Release */,
			);
			defaultConfigurationIsVisible = 0;
			defaultConfigurationName = Release;
		};
		320205E32C23BCE500725DC5 /* Build configuration list for PBXNativeTarget "TopazTests" */ = {
			isa = XCConfigurationList;
			buildConfigurations = (
				320205E42C23BCE500725DC5 /* Debug */,
				320205E52C23BCE500725DC5 /* Release */,
			);
			defaultConfigurationIsVisible = 0;
			defaultConfigurationName = Release;
		};
/* End XCConfigurationList section */

/* Begin XCRemoteSwiftPackageReference section */
		32D3D46B2C44B6DC0036E964 /* XCRemoteSwiftPackageReference "firebase-ios-sdk" */ = {
			isa = XCRemoteSwiftPackageReference;
			repositoryURL = "https://github.com/firebase/firebase-ios-sdk";
			requirement = {
				kind = upToNextMajorVersion;
				minimumVersion = 10.29.0;
			};
		};
		32D3D4872C44C4C50036E964 /* XCRemoteSwiftPackageReference "GoogleSignIn-iOS" */ = {
			isa = XCRemoteSwiftPackageReference;
			repositoryURL = "https://github.com/google/GoogleSignIn-iOS";
			requirement = {
				kind = upToNextMajorVersion;
				minimumVersion = 7.1.0;
			};
		};
/* End XCRemoteSwiftPackageReference section */

/* Begin XCSwiftPackageProductDependency section */
		32D3D46C2C44B6DC0036E964 /* FirebaseAnalytics */ = {
			isa = XCSwiftPackageProductDependency;
			package = 32D3D46B2C44B6DC0036E964 /* XCRemoteSwiftPackageReference "firebase-ios-sdk" */;
			productName = FirebaseAnalytics;
		};
		32D3D46E2C44B6DC0036E964 /* FirebaseAnalyticsSwift */ = {
			isa = XCSwiftPackageProductDependency;
			package = 32D3D46B2C44B6DC0036E964 /* XCRemoteSwiftPackageReference "firebase-ios-sdk" */;
			productName = FirebaseAnalyticsSwift;
		};
		32D3D4702C44B6DC0036E964 /* FirebaseAuth */ = {
			isa = XCSwiftPackageProductDependency;
			package = 32D3D46B2C44B6DC0036E964 /* XCRemoteSwiftPackageReference "firebase-ios-sdk" */;
			productName = FirebaseAuth;
		};
		32D3D4722C44B6DC0036E964 /* FirebaseFirestore */ = {
			isa = XCSwiftPackageProductDependency;
			package = 32D3D46B2C44B6DC0036E964 /* XCRemoteSwiftPackageReference "firebase-ios-sdk" */;
			productName = FirebaseFirestore;
		};
		32D3D4742C44B6DC0036E964 /* FirebaseFirestoreSwift */ = {
			isa = XCSwiftPackageProductDependency;
			package = 32D3D46B2C44B6DC0036E964 /* XCRemoteSwiftPackageReference "firebase-ios-sdk" */;
			productName = FirebaseFirestoreSwift;
		};
		32D3D4762C44B6DC0036E964 /* FirebaseFunctions */ = {
			isa = XCSwiftPackageProductDependency;
			package = 32D3D46B2C44B6DC0036E964 /* XCRemoteSwiftPackageReference "firebase-ios-sdk" */;
			productName = FirebaseFunctions;
		};
		32D3D4782C44B6DC0036E964 /* FirebaseMessaging */ = {
			isa = XCSwiftPackageProductDependency;
			package = 32D3D46B2C44B6DC0036E964 /* XCRemoteSwiftPackageReference "firebase-ios-sdk" */;
			productName = FirebaseMessaging;
		};
		32D3D4882C44C4C50036E964 /* GoogleSignIn */ = {
			isa = XCSwiftPackageProductDependency;
			package = 32D3D4872C44C4C50036E964 /* XCRemoteSwiftPackageReference "GoogleSignIn-iOS" */;
			productName = GoogleSignIn;
		};
		32D3D48A2C44C4C50036E964 /* GoogleSignInSwift */ = {
			isa = XCSwiftPackageProductDependency;
			package = 32D3D4872C44C4C50036E964 /* XCRemoteSwiftPackageReference "GoogleSignIn-iOS" */;
			productName = GoogleSignInSwift;
		};
/* End XCSwiftPackageProductDependency section */

/* Begin XCVersionGroup section */
		320205BA2C23A45800725DC5 /* Topaz.xcdatamodeld */ = {
			isa = XCVersionGroup;
			children = (
				320205BB2C23A45800725DC5 /* Topaz.xcdatamodel */,
			);
			currentVersion = 320205BB2C23A45800725DC5 /* Topaz.xcdatamodel */;
			path = Topaz.xcdatamodeld;
			sourceTree = "<group>";
			versionGroupType = wrapper.xcdatamodel;
		};
/* End XCVersionGroup section */
	};
	rootObject = 320205A62C23A45800725DC5 /* Project object */;
}
